
Microsoft Visual Studio Solution File, Format Version 12.00
# Visual Studio Version 17
VisualStudioVersion = 17.14.36121.58 d17.14
MinimumVisualStudioVersion = 10.0.40219.1
Project("{FAE04EC0-301F-11D3-BF4B-00C04F79EFBC}") = "QueryBuilder", "QueryBuilder\QueryBuilder.csproj", "{915AC211-6300-40D1-99C1-E83C04FA6958}"
EndProject
Global
	GlobalSection(SolutionConfigurationPlatforms) = preSolution
		Debug|Any CPU = Debug|Any CPU
		Release|Any CPU = Release|Any CPU
	EndGlobalSection
	GlobalSection(ProjectConfigurationPlatforms) = postSolution
		{915AC211-6300-40D1-99C1-E83C04FA6958}.Debug|Any CPU.ActiveCfg = Debug|Any CPU
		{915AC211-6300-40D1-99C1-E83C04FA6958}.Debug|Any CPU.Build.0 = Debug|Any CPU
		{915AC211-6300-40D1-99C1-E83C04FA6958}.Release|Any CPU.ActiveCfg = Release|Any CPU
		{915AC211-6300-40D1-99C1-E83C04FA6958}.Release|Any CPU.Build.0 = Release|Any CPU
	EndGlobalSection
	GlobalSection(SolutionProperties) = preSolution
		HideSolutionNode = FALSE
	EndGlobalSection
	GlobalSection(ExtensibilityGlobals) = postSolution
		SolutionGuid = {0B0C8A52-F685-4E8E-A8D6-AB9F89051187}
	EndGlobalSection
EndGlobal
